
Microsoft Visual Studio Solution File, Format Version 12.00
# Visual Studio Version 16
VisualStudioVersion = 16.0.30803.129
MinimumVisualStudioVersion = 10.0.40219.1
Project("{FAE04EC0-301F-11D3-BF4B-00C04F79EFBC}") = "TLBOT", "TransBot\TLBOT.csproj", "{079C8B3B-D2E3-4CF2-82EA-8D9AEEEF3D56}"
	ProjectSection(ProjectDependencies) = postProject
		{FE94AFD1-31A0-40EC-93B4-C23384DAD6DE} = {FE94AFD1-31A0-40EC-93B4-C23384DAD6DE}
		{CC5912DD-E028-4B98-82F1-4AF2693C1C46} = {CC5912DD-E028-4B98-82F1-4AF2693C1C46}
	EndProjectSection
EndProject
Project("{9A19103F-16F7-4668-BE54-9A1E7A4F7556}") = "SacanaWrapper", "SacanaWrapper\SacanaWrapper\SacanaWrapper.csproj", "{66C4FB33-9701-4BB2-82B0-B9AD4F807DFA}"
EndProject
Project("{FAE04EC0-301F-11D3-BF4B-00C04F79EFBC}") = "Plugin", "Plugin\Plugin.csproj", "{FE94AFD1-31A0-40EC-93B4-C23384DAD6DE}"
EndProject
Project("{FAE04EC0-301F-11D3-BF4B-00C04F79EFBC}") = "PMan", "SacanaWrapper\PMan\PMan.csproj", "{CC5912DD-E028-4B98-82F1-4AF2693C1C46}"
EndProject
Project("{FAE04EC0-301F-11D3-BF4B-00C04F79EFBC}") = "TLIB", "TLIB\TLIB.csproj", "{D5DB2D24-05CD-46F1-A62F-C6F5474FDCB4}"
EndProject
Global
	GlobalSection(SolutionConfigurationPlatforms) = preSolution
		Debug_Ubuntu|Any CPU = Debug_Ubuntu|Any CPU
		Debug|Any CPU = Debug|Any CPU
		Release_Ubuntu|Any CPU = Release_Ubuntu|Any CPU
		Release|Any CPU = Release|Any CPU
	EndGlobalSection
	GlobalSection(ProjectConfigurationPlatforms) = postSolution
		{079C8B3B-D2E3-4CF2-82EA-8D9AEEEF3D56}.Debug_Ubuntu|Any CPU.ActiveCfg = Debug|Any CPU
		{079C8B3B-D2E3-4CF2-82EA-8D9AEEEF3D56}.Debug_Ubuntu|Any CPU.Build.0 = Debug|Any CPU
		{079C8B3B-D2E3-4CF2-82EA-8D9AEEEF3D56}.Debug|Any CPU.ActiveCfg = Debug|Any CPU
		{079C8B3B-D2E3-4CF2-82EA-8D9AEEEF3D56}.Debug|Any CPU.Build.0 = Debug|Any CPU
		{079C8B3B-D2E3-4CF2-82EA-8D9AEEEF3D56}.Release_Ubuntu|Any CPU.ActiveCfg = Release|Any CPU
		{079C8B3B-D2E3-4CF2-82EA-8D9AEEEF3D56}.Release_Ubuntu|Any CPU.Build.0 = Release|Any CPU
		{079C8B3B-D2E3-4CF2-82EA-8D9AEEEF3D56}.Release|Any CPU.ActiveCfg = Release|Any CPU
		{079C8B3B-D2E3-4CF2-82EA-8D9AEEEF3D56}.Release|Any CPU.Build.0 = Release|Any CPU
		{66C4FB33-9701-4BB2-82B0-B9AD4F807DFA}.Debug_Ubuntu|Any CPU.ActiveCfg = Debug|Any CPU
		{66C4FB33-9701-4BB2-82B0-B9AD4F807DFA}.Debug_Ubuntu|Any CPU.Build.0 = Debug|Any CPU
		{66C4FB33-9701-4BB2-82B0-B9AD4F807DFA}.Debug|Any CPU.ActiveCfg = Debug|Any CPU
		{66C4FB33-9701-4BB2-82B0-B9AD4F807DFA}.Debug|Any CPU.Build.0 = Debug|Any CPU
		{66C4FB33-9701-4BB2-82B0-B9AD4F807DFA}.Release_Ubuntu|Any CPU.ActiveCfg = Release|Any CPU
		{66C4FB33-9701-4BB2-82B0-B9AD4F807DFA}.Release_Ubuntu|Any CPU.Build.0 = Release|Any CPU
		{66C4FB33-9701-4BB2-82B0-B9AD4F807DFA}.Release|Any CPU.ActiveCfg = Release|Any CPU
		{66C4FB33-9701-4BB2-82B0-B9AD4F807DFA}.Release|Any CPU.Build.0 = Release|Any CPU
		{FE94AFD1-31A0-40EC-93B4-C23384DAD6DE}.Debug_Ubuntu|Any CPU.ActiveCfg = Debug|Any CPU
		{FE94AFD1-31A0-40EC-93B4-C23384DAD6DE}.Debug_Ubuntu|Any CPU.Build.0 = Debug|Any CPU
		{FE94AFD1-31A0-40EC-93B4-C23384DAD6DE}.Debug|Any CPU.ActiveCfg = Debug|Any CPU
		{FE94AFD1-31A0-40EC-93B4-C23384DAD6DE}.Debug|Any CPU.Build.0 = Debug|Any CPU
		{FE94AFD1-31A0-40EC-93B4-C23384DAD6DE}.Release_Ubuntu|Any CPU.ActiveCfg = Release|Any CPU
		{FE94AFD1-31A0-40EC-93B4-C23384DAD6DE}.Release_Ubuntu|Any CPU.Build.0 = Release|Any CPU
		{FE94AFD1-31A0-40EC-93B4-C23384DAD6DE}.Release|Any CPU.ActiveCfg = Release|Any CPU
		{FE94AFD1-31A0-40EC-93B4-C23384DAD6DE}.Release|Any CPU.Build.0 = Release|Any CPU
		{CC5912DD-E028-4B98-82F1-4AF2693C1C46}.Debug_Ubuntu|Any CPU.ActiveCfg = Debug|Any CPU
		{CC5912DD-E028-4B98-82F1-4AF2693C1C46}.Debug_Ubuntu|Any CPU.Build.0 = Debug|Any CPU
		{CC5912DD-E028-4B98-82F1-4AF2693C1C46}.Debug|Any CPU.ActiveCfg = Debug|Any CPU
		{CC5912DD-E028-4B98-82F1-4AF2693C1C46}.Debug|Any CPU.Build.0 = Debug|Any CPU
		{CC5912DD-E028-4B98-82F1-4AF2693C1C46}.Release_Ubuntu|Any CPU.ActiveCfg = Release|Any CPU
		{CC5912DD-E028-4B98-82F1-4AF2693C1C46}.Release_Ubuntu|Any CPU.Build.0 = Release|Any CPU
		{CC5912DD-E028-4B98-82F1-4AF2693C1C46}.Release|Any CPU.ActiveCfg = Release|Any CPU
		{CC5912DD-E028-4B98-82F1-4AF2693C1C46}.Release|Any CPU.Build.0 = Release|Any CPU
		{D5DB2D24-05CD-46F1-A62F-C6F5474FDCB4}.Debug_Ubuntu|Any CPU.ActiveCfg = Debug|Any CPU
		{D5DB2D24-05CD-46F1-A62F-C6F5474FDCB4}.Debug_Ubuntu|Any CPU.Build.0 = Debug|Any CPU
		{D5DB2D24-05CD-46F1-A62F-C6F5474FDCB4}.Debug|Any CPU.ActiveCfg = Debug|Any CPU
		{D5DB2D24-05CD-46F1-A62F-C6F5474FDCB4}.Debug|Any CPU.Build.0 = Debug|Any CPU
		{D5DB2D24-05CD-46F1-A62F-C6F5474FDCB4}.Release_Ubuntu|Any CPU.ActiveCfg = Debug|Any CPU
		{D5DB2D24-05CD-46F1-A62F-C6F5474FDCB4}.Release_Ubuntu|Any CPU.Build.0 = Debug|Any CPU
		{D5DB2D24-05CD-46F1-A62F-C6F5474FDCB4}.Release|Any CPU.ActiveCfg = Release|Any CPU
		{D5DB2D24-05CD-46F1-A62F-C6F5474FDCB4}.Release|Any CPU.Build.0 = Release|Any CPU
	EndGlobalSection
	GlobalSection(SolutionProperties) = preSolution
		HideSolutionNode = FALSE
	EndGlobalSection
	GlobalSection(ExtensibilityGlobals) = postSolution
		SolutionGuid = {5F2ED893-99DB-43B4-9933-431FCCC4CD37}
	EndGlobalSection
EndGlobal
